
Microsoft Visual Studio Solution File, Format Version 12.00
# Visual Studio Version 17
VisualStudioVersion = 17.13.35825.156 d17.13
MinimumVisualStudioVersion = 10.0.40219.1
Project("{FAE04EC0-301F-11D3-BF4B-00C04F79EFBC}") = "FoodWebApp", "FoodWebApp\FoodWebApp.csproj", "{A92B1C5C-4266-400D-859D-CC45F4120D5C}"
EndProject
Project("{FAE04EC0-301F-11D3-BF4B-00C04F79EFBC}") = "Models", "Models\Models.csproj", "{7C8839DF-F6F9-43B8-95F8-31E9FCC5DB68}"
EndProject
Project("{FAE04EC0-301F-11D3-BF4B-00C04F79EFBC}") = "DataAccess", "DataAccess\DataAccess.csproj", "{4DD7B893-2786-49A9-86DA-FF8B5DCB6974}"
EndProject
Project("{FAE04EC0-301F-11D3-BF4B-00C04F79EFBC}") = "Utility", "Utility\Utility.csproj", "{A41B3464-17DD-497C-82B9-4EBBB215B7CA}"
EndProject
Global
	GlobalSection(SolutionConfigurationPlatforms) = preSolution
		Debug|Any CPU = Debug|Any CPU
		Release|Any CPU = Release|Any CPU
	EndGlobalSection
	GlobalSection(ProjectConfigurationPlatforms) = postSolution
		{A92B1C5C-4266-400D-859D-CC45F4120D5C}.Debug|Any CPU.ActiveCfg = Debug|Any CPU
		{A92B1C5C-4266-400D-859D-CC45F4120D5C}.Debug|Any CPU.Build.0 = Debug|Any CPU
		{A92B1C5C-4266-400D-859D-CC45F4120D5C}.Release|Any CPU.ActiveCfg = Release|Any CPU
		{A92B1C5C-4266-400D-859D-CC45F4120D5C}.Release|Any CPU.Build.0 = Release|Any CPU
		{7C8839DF-F6F9-43B8-95F8-31E9FCC5DB68}.Debug|Any CPU.ActiveCfg = Debug|Any CPU
		{7C8839DF-F6F9-43B8-95F8-31E9FCC5DB68}.Debug|Any CPU.Build.0 = Debug|Any CPU
		{7C8839DF-F6F9-43B8-95F8-31E9FCC5DB68}.Release|Any CPU.ActiveCfg = Release|Any CPU
		{7C8839DF-F6F9-43B8-95F8-31E9FCC5DB68}.Release|Any CPU.Build.0 = Release|Any CPU
		{4DD7B893-2786-49A9-86DA-FF8B5DCB6974}.Debug|Any CPU.ActiveCfg = Debug|Any CPU
		{4DD7B893-2786-49A9-86DA-FF8B5DCB6974}.Debug|Any CPU.Build.0 = Debug|Any CPU
		{4DD7B893-2786-49A9-86DA-FF8B5DCB6974}.Release|Any CPU.ActiveCfg = Release|Any CPU
		{4DD7B893-2786-49A9-86DA-FF8B5DCB6974}.Release|Any CPU.Build.0 = Release|Any CPU
		{A41B3464-17DD-497C-82B9-4EBBB215B7CA}.Debug|Any CPU.ActiveCfg = Debug|Any CPU
		{A41B3464-17DD-497C-82B9-4EBBB215B7CA}.Debug|Any CPU.Build.0 = Debug|Any CPU
		{A41B3464-17DD-497C-82B9-4EBBB215B7CA}.Release|Any CPU.ActiveCfg = Release|Any CPU
		{A41B3464-17DD-497C-82B9-4EBBB215B7CA}.Release|Any CPU.Build.0 = Release|Any CPU
	EndGlobalSection
	GlobalSection(SolutionProperties) = preSolution
		HideSolutionNode = FALSE
	EndGlobalSection
	GlobalSection(ExtensibilityGlobals) = postSolution
		SolutionGuid = {DC68796B-47DA-4728-A32B-E4EF7118CFF7}
	EndGlobalSection
EndGlobal
